// !$*UTF8*$!
{
	archiveVersion = 1;
	classes = {
	};
	objectVersion = 46;
	objects = {

/* Begin PBXBuildFile section */
		60403C6B1E0F21B9004E738C /* main.swift in Sources */ = {isa = PBXBuildFile; fileRef = 60403C6A1E0F21B9004E738C /* main.swift */; };
		60403C721E0F21D1004E738C /* Cell.swift in Sources */ = {isa = PBXBuildFile; fileRef = 60403C711E0F21D1004E738C /* Cell.swift */; };
		60403C751E0F225E004E738C /* Row.swift in Sources */ = {isa = PBXBuildFile; fileRef = 60403C741E0F225E004E738C /* Row.swift */; };
		60403C771E0F227D004E738C /* Square.swift in Sources */ = {isa = PBXBuildFile; fileRef = 60403C761E0F227D004E738C /* Square.swift */; };
		60403C791E0F2286004E738C /* Group.swift in Sources */ = {isa = PBXBuildFile; fileRef = 60403C781E0F2286004E738C /* Group.swift */; };
		60403C7C1E0F23AE004E738C /* Utils.swift in Sources */ = {isa = PBXBuildFile; fileRef = 60403C7B1E0F23AE004E738C /* Utils.swift */; };
		60403C7E1E0F2A26004E738C /* Column.swift in Sources */ = {isa = PBXBuildFile; fileRef = 60403C7D1E0F2A26004E738C /* Column.swift */; };
		60403C801E0F2B6C004E738C /* Board.swift in Sources */ = {isa = PBXBuildFile; fileRef = 60403C7F1E0F2B6C004E738C /* Board.swift */; };
		60403C981E1C1B5F004E738C /* BoardBuilder.swift in Sources */ = {isa = PBXBuildFile; fileRef = 60403C971E1C1B5F004E738C /* BoardBuilder.swift */; };
/* End PBXBuildFile section */

/* Begin PBXCopyFilesBuildPhase section */
		60403C651E0F21B9004E738C /* CopyFiles */ = {
			isa = PBXCopyFilesBuildPhase;
			buildActionMask = 2147483647;
			dstPath = /usr/share/man/man1/;
			dstSubfolderSpec = 0;
			files = (
			);
			runOnlyForDeploymentPostprocessing = 1;
		};
/* End PBXCopyFilesBuildPhase section */

/* Begin PBXFileReference section */
		60403C671E0F21B9004E738C /* SudokuSolver */ = {isa = PBXFileReference; explicitFileType = "compiled.mach-o.executable"; includeInIndex = 0; path = SudokuSolver; sourceTree = BUILT_PRODUCTS_DIR; };
		60403C6A1E0F21B9004E738C /* main.swift */ = {isa = PBXFileReference; lastKnownFileType = sourcecode.swift; path = main.swift; sourceTree = "<group>"; };
		60403C711E0F21D1004E738C /* Cell.swift */ = {isa = PBXFileReference; fileEncoding = 4; lastKnownFileType = sourcecode.swift; path = Cell.swift; sourceTree = "<group>"; };
		60403C741E0F225E004E738C /* Row.swift */ = {isa = PBXFileReference; fileEncoding = 4; lastKnownFileType = sourcecode.swift; path = Row.swift; sourceTree = "<group>"; };
		60403C761E0F227D004E738C /* Square.swift */ = {isa = PBXFileReference; fileEncoding = 4; lastKnownFileType = sourcecode.swift; path = Square.swift; sourceTree = "<group>"; };
		60403C781E0F2286004E738C /* Group.swift */ = {isa = PBXFileReference; fileEncoding = 4; lastKnownFileType = sourcecode.swift; path = Group.swift; sourceTree = "<group>"; };
		60403C7B1E0F23AE004E738C /* Utils.swift */ = {isa = PBXFileReference; fileEncoding = 4; lastKnownFileType = sourcecode.swift; path = Utils.swift; sourceTree = "<group>"; };
		60403C7D1E0F2A26004E738C /* Column.swift */ = {isa = PBXFileReference; fileEncoding = 4; lastKnownFileType = sourcecode.swift; path = Column.swift; sourceTree = "<group>"; };
		60403C7F1E0F2B6C004E738C /* Board.swift */ = {isa = PBXFileReference; fileEncoding = 4; lastKnownFileType = sourcecode.swift; path = Board.swift; sourceTree = "<group>"; };
		60403C971E1C1B5F004E738C /* BoardBuilder.swift */ = {isa = PBXFileReference; fileEncoding = 4; lastKnownFileType = sourcecode.swift; path = BoardBuilder.swift; sourceTree = "<group>"; };
/* End PBXFileReference section */

/* Begin PBXFrameworksBuildPhase section */
		60403C641E0F21B9004E738C /* Frameworks */ = {
			isa = PBXFrameworksBuildPhase;
			buildActionMask = 2147483647;
			files = (
			);
			runOnlyForDeploymentPostprocessing = 0;
		};
/* End PBXFrameworksBuildPhase section */

/* Begin PBXGroup section */
		60403C5E1E0F21B9004E738C = {
			isa = PBXGroup;
			children = (
				60403C691E0F21B9004E738C /* SudokuSolver */,
				60403C811E14F87B004E738C /* SudokuSolverTests */,
				60403C681E0F21B9004E738C /* Products */,
			);
			sourceTree = "<group>";
		};
		60403C681E0F21B9004E738C /* Products */ = {
			isa = PBXGroup;
			children = (
				60403C671E0F21B9004E738C /* SudokuSolver */,
			);
			name = Products;
			sourceTree = "<group>";
		};
		60403C691E0F21B9004E738C /* SudokuSolver */ = {
			isa = PBXGroup;
			children = (
				60403C7A1E0F23A3004E738C /* Utils */,
				60403C731E0F2251004E738C /* Board */,
				60403C6A1E0F21B9004E738C /* main.swift */,
			);
			path = SudokuSolver;
			sourceTree = "<group>";
		};
		60403C731E0F2251004E738C /* Board */ = {
			isa = PBXGroup;
			children = (
				60403C711E0F21D1004E738C /* Cell.swift */,
				60403C741E0F225E004E738C /* Row.swift */,
				60403C761E0F227D004E738C /* Square.swift */,
				60403C781E0F2286004E738C /* Group.swift */,
				60403C7D1E0F2A26004E738C /* Column.swift */,
				60403C7F1E0F2B6C004E738C /* Board.swift */,
			);
			name = Board;
			sourceTree = "<group>";
		};
		60403C7A1E0F23A3004E738C /* Utils */ = {
			isa = PBXGroup;
			children = (
				60403C7B1E0F23AE004E738C /* Utils.swift */,
				60403C971E1C1B5F004E738C /* BoardBuilder.swift */,
			);
			name = Utils;
			sourceTree = "<group>";
		};
		60403C811E14F87B004E738C /* SudokuSolverTests */ = {
			isa = PBXGroup;
			children = (
				60403C821E14F88A004E738C /* Board */,
			);
			name = SudokuSolverTests;
			sourceTree = "<group>";
		};
		60403C821E14F88A004E738C /* Board */ = {
			isa = PBXGroup;
			children = (
			);
			name = Board;
			sourceTree = "<group>";
		};
/* End PBXGroup section */

/* Begin PBXNativeTarget section */
		60403C661E0F21B9004E738C /* SudokuSolver */ = {
			isa = PBXNativeTarget;
			buildConfigurationList = 60403C6E1E0F21B9004E738C /* Build configuration list for PBXNativeTarget "SudokuSolver" */;
			buildPhases = (
				60403C631E0F21B9004E738C /* Sources */,
				60403C641E0F21B9004E738C /* Frameworks */,
				60403C651E0F21B9004E738C /* CopyFiles */,
			);
			buildRules = (
			);
			dependencies = (
			);
			name = SudokuSolver;
			productName = SudokuSolver;
			productReference = 60403C671E0F21B9004E738C /* SudokuSolver */;
			productType = "com.apple.product-type.tool";
		};
/* End PBXNativeTarget section */

/* Begin PBXProject section */
		60403C5F1E0F21B9004E738C /* Project object */ = {
			isa = PBXProject;
			attributes = {
				LastSwiftUpdateCheck = 0810;
				LastUpgradeCheck = 0810;
				ORGANIZATIONNAME = "Schuette, Peter";
				TargetAttributes = {
					60403C661E0F21B9004E738C = {
						CreatedOnToolsVersion = 8.1;
						DevelopmentTeam = 384WS8QBWW;
						ProvisioningStyle = Automatic;
					};
				};
			};
			buildConfigurationList = 60403C621E0F21B9004E738C /* Build configuration list for PBXProject "SudokuSolver" */;
			compatibilityVersion = "Xcode 3.2";
			developmentRegion = English;
			hasScannedForEncodings = 0;
			knownRegions = (
				en,
			);
			mainGroup = 60403C5E1E0F21B9004E738C;
			productRefGroup = 60403C681E0F21B9004E738C /* Products */;
			projectDirPath = "";
			projectRoot = "";
			targets = (
				60403C661E0F21B9004E738C /* SudokuSolver */,
			);
		};
/* End PBXProject section */

/* Begin PBXSourcesBuildPhase section */
		60403C631E0F21B9004E738C /* Sources */ = {
			isa = PBXSourcesBuildPhase;
			buildActionMask = 2147483647;
			files = (
				60403C771E0F227D004E738C /* Square.swift in Sources */,
				60403C981E1C1B5F004E738C /* BoardBuilder.swift in Sources */,
				60403C6B1E0F21B9004E738C /* main.swift in Sources */,
				60403C751E0F225E004E738C /* Row.swift in Sources */,
				60403C7E1E0F2A26004E738C /* Column.swift in Sources */,
				60403C791E0F2286004E738C /* Group.swift in Sources */,
				60403C721E0F21D1004E738C /* Cell.swift in Sources */,
				60403C801E0F2B6C004E738C /* Board.swift in Sources */,
				60403C7C1E0F23AE004E738C /* Utils.swift in Sources */,
			);
			runOnlyForDeploymentPostprocessing = 0;
		};
/* End PBXSourcesBuildPhase section */

/* Begin XCBuildConfiguration section */
		60403C6C1E0F21B9004E738C /* Debug */ = {
			isa = XCBuildConfiguration;
			buildSettings = {
				ALWAYS_SEARCH_USER_PATHS = NO;
				CLANG_ANALYZER_NONNULL = YES;
				CLANG_CXX_LANGUAGE_STANDARD = "gnu++0x";
				CLANG_CXX_LIBRARY = "libc++";
				CLANG_ENABLE_MODULES = YES;
				CLANG_ENABLE_OBJC_ARC = YES;
				CLANG_WARN_BOOL_CONVERSION = YES;
				CLANG_WARN_CONSTANT_CONVERSION = YES;
				CLANG_WARN_DIRECT_OBJC_ISA_USAGE = YES_ERROR;
				CLANG_WARN_DOCUMENTATION_COMMENTS = YES;
				CLANG_WARN_EMPTY_BODY = YES;
				CLANG_WARN_ENUM_CONVERSION = YES;
				CLANG_WARN_INFINITE_RECURSION = YES;
				CLANG_WARN_INT_CONVERSION = YES;
				CLANG_WARN_OBJC_ROOT_CLASS = YES_ERROR;
				CLANG_WARN_SUSPICIOUS_MOVES = YES;
				CLANG_WARN_UNREACHABLE_CODE = YES;
				CLANG_WARN__DUPLICATE_METHOD_MATCH = YES;
				CODE_SIGN_IDENTITY = "-";
				COPY_PHASE_STRIP = NO;
				DEBUG_INFORMATION_FORMAT = dwarf;
				ENABLE_STRICT_OBJC_MSGSEND = YES;
				ENABLE_TESTABILITY = YES;
				GCC_C_LANGUAGE_STANDARD = gnu99;
				GCC_DYNAMIC_NO_PIC = NO;
				GCC_NO_COMMON_BLOCKS = YES;
				GCC_OPTIMIZATION_LEVEL = 0;
				GCC_PREPROCESSOR_DEFINITIONS = (
					"DEBUG=1",
					"$(inherited)",
				);
				GCC_WARN_64_TO_32_BIT_CONVERSION = YES;
				GCC_WARN_ABOUT_RETURN_TYPE = YES_ERROR;
				GCC_WARN_UNDECLARED_SELECTOR = YES;
				GCC_WARN_UNINITIALIZED_AUTOS = YES_AGGRESSIVE;
				GCC_WARN_UNUSED_FUNCTION = YES;
				GCC_WARN_UNUSED_VARIABLE = YES;
				MACOSX_DEPLOYMENT_TARGET = 10.11;
				MTL_ENABLE_DEBUG_INFO = YES;
				ONLY_ACTIVE_ARCH = YES;
				SDKROOT = macosx;
				SWIFT_OPTIMIZATION_LEVEL = "-Onone";
			};
			name = Debug;
		};
		60403C6D1E0F21B9004E738C /* Release */ = {
			isa = XCBuildConfiguration;
			buildSettings = {
				ALWAYS_SEARCH_USER_PATHS = NO;
				CLANG_ANALYZER_NONNULL = YES;
				CLANG_CXX_LANGUAGE_STANDARD = "gnu++0x";
				CLANG_CXX_LIBRARY = "libc++";
				CLANG_ENABLE_MODULES = YES;
				CLANG_ENABLE_OBJC_ARC = YES;
				CLANG_WARN_BOOL_CONVERSION = YES;
				CLANG_WARN_CONSTANT_CONVERSION = YES;
				CLANG_WARN_DIRECT_OBJC_ISA_USAGE = YES_ERROR;
				CLANG_WARN_DOCUMENTATION_COMMENTS = YES;
				CLANG_WARN_EMPTY_BODY = YES;
				CLANG_WARN_ENUM_CONVERSION = YES;
				CLANG_WARN_INFINITE_RECURSION = YES;
				CLANG_WARN_INT_CONVERSION = YES;
				CLANG_WARN_OBJC_ROOT_CLASS = YES_ERROR;
				CLANG_WARN_SUSPICIOUS_MOVES = YES;
				CLANG_WARN_UNREACHABLE_CODE = YES;
				CLANG_WARN__DUPLICATE_METHOD_MATCH = YES;
				CODE_SIGN_IDENTITY = "-";
				COPY_PHASE_STRIP = NO;
				DEBUG_INFORMATION_FORMAT = "dwarf-with-dsym";
				ENABLE_NS_ASSERTIONS = NO;
				ENABLE_STRICT_OBJC_MSGSEND = YES;
				GCC_C_LANGUAGE_STANDARD = gnu99;
				GCC_NO_COMMON_BLOCKS = YES;
				GCC_WARN_64_TO_32_BIT_CONVERSION = YES;
				GCC_WARN_ABOUT_RETURN_TYPE = YES_ERROR;
				GCC_WARN_UNDECLARED_SELECTOR = YES;
				GCC_WARN_UNINITIALIZED_AUTOS = YES_AGGRESSIVE;
				GCC_WARN_UNUSED_FUNCTION = YES;
				GCC_WARN_UNUSED_VARIABLE = YES;
				MACOSX_DEPLOYMENT_TARGET = 10.11;
				MTL_ENABLE_DEBUG_INFO = NO;
				SDKROOT = macosx;
			};
			name = Release;
		};
		60403C6F1E0F21B9004E738C /* Debug */ = {
			isa = XCBuildConfiguration;
			buildSettings = {
				DEVELOPMENT_TEAM = 384WS8QBWW;
				PRODUCT_NAME = "$(TARGET_NAME)";
				SWIFT_VERSION = 3.0;
			};
			name = Debug;
		};
		60403C701E0F21B9004E738C /* Release */ = {
			isa = XCBuildConfiguration;
			buildSettings = {
				DEVELOPMENT_TEAM = 384WS8QBWW;
				PRODUCT_NAME = "$(TARGET_NAME)";
				SWIFT_VERSION = 3.0;
			};
			name = Release;
		};
/* End XCBuildConfiguration section */

/* Begin XCConfigurationList section */
		60403C621E0F21B9004E738C /* Build configuration list for PBXProject "SudokuSolver" */ = {
			isa = XCConfigurationList;
			buildConfigurations = (
				60403C6C1E0F21B9004E738C /* Debug */,
				60403C6D1E0F21B9004E738C /* Release */,
			);
			defaultConfigurationIsVisible = 0;
			defaultConfigurationName = Release;
		};
		60403C6E1E0F21B9004E738C /* Build configuration list for PBXNativeTarget "SudokuSolver" */ = {
			isa = XCConfigurationList;
			buildConfigurations = (
				60403C6F1E0F21B9004E738C /* Debug */,
				60403C701E0F21B9004E738C /* Release */,
			);
			defaultConfigurationIsVisible = 0;
		};
/* End XCConfigurationList section */
	};
	rootObject = 60403C5F1E0F21B9004E738C /* Project object */;
}
