// !$*UTF8*$!
{
	archiveVersion = 1;
	classes = {
	};
	objectVersion = 50;
	objects = {

/* Begin PBXBuildFile section */
		D730E7EB2770D19C00DFCC0E /* ViewController.swift in Sources */ = {isa = PBXBuildFile; fileRef = D730E7EA2770D19C00DFCC0E /* ViewController.swift */; };
		D730E7F22770F91300DFCC0E /* PuzzleUIView.swift in Sources */ = {isa = PBXBuildFile; fileRef = D730E7F12770F91300DFCC0E /* PuzzleUIView.swift */; };
		D730E7F42770F94C00DFCC0E /* CellUIView.swift in Sources */ = {isa = PBXBuildFile; fileRef = D730E7F32770F94C00DFCC0E /* CellUIView.swift */; };
		D730E7F62770FF8300DFCC0E /* SHView.swift in Sources */ = {isa = PBXBuildFile; fileRef = D730E7F52770FF8300DFCC0E /* SHView.swift */; };
		D730E7FA27711D3C00DFCC0E /* Logger.swift in Sources */ = {isa = PBXBuildFile; fileRef = D730E7F927711D3C00DFCC0E /* Logger.swift */; };
		D730E7FD2772D0FC00DFCC0E /* CellViewState.swift in Sources */ = {isa = PBXBuildFile; fileRef = D730E7FC2772D0FC00DFCC0E /* CellViewState.swift */; };
		D730E8002772D13D00DFCC0E /* PuzzleViewState.swift in Sources */ = {isa = PBXBuildFile; fileRef = D730E7FF2772D13D00DFCC0E /* PuzzleViewState.swift */; };
		D730E8032772E6D700DFCC0E /* InputControlView.swift in Sources */ = {isa = PBXBuildFile; fileRef = D730E8022772E6D700DFCC0E /* InputControlView.swift */; };
		D730E8052772E70600DFCC0E /* InputControlViewState.swift in Sources */ = {isa = PBXBuildFile; fileRef = D730E8042772E70600DFCC0E /* InputControlViewState.swift */; };
		D730E8082773BC7000DFCC0E /* NSLayoutConstraint+Extensions.swift in Sources */ = {isa = PBXBuildFile; fileRef = D730E8072773BC7000DFCC0E /* NSLayoutConstraint+Extensions.swift */; };
		D730E80A2773BF5100DFCC0E /* InputControlBarView.swift in Sources */ = {isa = PBXBuildFile; fileRef = D730E8092773BF5100DFCC0E /* InputControlBarView.swift */; };
		D730E80C2773BFBD00DFCC0E /* InputControlBarViewState.swift in Sources */ = {isa = PBXBuildFile; fileRef = D730E80B2773BFBD00DFCC0E /* InputControlBarViewState.swift */; };
		D730E80E2773D94300DFCC0E /* PuzzleViewControllerState.swift in Sources */ = {isa = PBXBuildFile; fileRef = D730E80D2773D94300DFCC0E /* PuzzleViewControllerState.swift */; };
		D78C657526EF252B000ADBE5 /* SolutionEngineTests.swift in Sources */ = {isa = PBXBuildFile; fileRef = D78C657426EF252B000ADBE5 /* SolutionEngineTests.swift */; };
		D7A5F4332776330B00D97B11 /* DetectorViewController.swift in Sources */ = {isa = PBXBuildFile; fileRef = D7A5F4322776330B00D97B11 /* DetectorViewController.swift */; };
		D7A5F4352776332000D97B11 /* DetectorViewControllerModel.swift in Sources */ = {isa = PBXBuildFile; fileRef = D7A5F4342776332000D97B11 /* DetectorViewControllerModel.swift */; };
		D7A5F4372776332E00D97B11 /* DetectorViewControllerState.swift in Sources */ = {isa = PBXBuildFile; fileRef = D7A5F4362776332E00D97B11 /* DetectorViewControllerState.swift */; };
		D7A5F4392776765900D97B11 /* Sudoku.mlmodel in Sources */ = {isa = PBXBuildFile; fileRef = D7A5F42F2776328F00D97B11 /* Sudoku.mlmodel */; };
		D7B5024B26B258A6007908DA /* AppDelegate.swift in Sources */ = {isa = PBXBuildFile; fileRef = D7B5024A26B258A6007908DA /* AppDelegate.swift */; };
		D7B5024D26B258A6007908DA /* SceneDelegate.swift in Sources */ = {isa = PBXBuildFile; fileRef = D7B5024C26B258A6007908DA /* SceneDelegate.swift */; };
		D7B5025426B258A7007908DA /* Assets.xcassets in Resources */ = {isa = PBXBuildFile; fileRef = D7B5025326B258A7007908DA /* Assets.xcassets */; };
		D7B5025726B258A7007908DA /* LaunchScreen.storyboard in Resources */ = {isa = PBXBuildFile; fileRef = D7B5025526B258A7007908DA /* LaunchScreen.storyboard */; };
		D7B5026226B258A7007908DA /* SudokuHelperTests.swift in Sources */ = {isa = PBXBuildFile; fileRef = D7B5026126B258A7007908DA /* SudokuHelperTests.swift */; };
		D7B5026D26B258A7007908DA /* SudokuHelperUITests.swift in Sources */ = {isa = PBXBuildFile; fileRef = D7B5026C26B258A7007908DA /* SudokuHelperUITests.swift */; };
		D7B5028026B25CCB007908DA /* Main.storyboard in Resources */ = {isa = PBXBuildFile; fileRef = D7B5027F26B25CCB007908DA /* Main.storyboard */; };
		D7B5028226B25DD9007908DA /* AppSession.swift in Sources */ = {isa = PBXBuildFile; fileRef = D7B5028126B25DD9007908DA /* AppSession.swift */; };
		D7B5028526B260BA007908DA /* PuzzleViewController.swift in Sources */ = {isa = PBXBuildFile; fileRef = D7B5028426B260BA007908DA /* PuzzleViewController.swift */; };
		D7B5029226B4AF4B007908DA /* AppCoordinator.swift in Sources */ = {isa = PBXBuildFile; fileRef = D7B5029126B4AF4B007908DA /* AppCoordinator.swift */; };
		D7B5029426B4AF5C007908DA /* _Coordinator.swift in Sources */ = {isa = PBXBuildFile; fileRef = D7B5029326B4AF5C007908DA /* _Coordinator.swift */; };
		D7B5029626B4B3DD007908DA /* InitialSceneViewController.swift in Sources */ = {isa = PBXBuildFile; fileRef = D7B5029526B4B3DD007908DA /* InitialSceneViewController.swift */; };
		D7B5029826B4B507007908DA /* Environment.swift in Sources */ = {isa = PBXBuildFile; fileRef = D7B5029726B4B507007908DA /* Environment.swift */; };
		D7B5029A26B4B595007908DA /* PuzzleViewControllerModel.swift in Sources */ = {isa = PBXBuildFile; fileRef = D7B5029926B4B595007908DA /* PuzzleViewControllerModel.swift */; };
		D7B5029D26B4B768007908DA /* Puzzle.swift in Sources */ = {isa = PBXBuildFile; fileRef = D7B5029C26B4B768007908DA /* Puzzle.swift */; };
		D7B502A026B4C0B4007908DA /* Group.swift in Sources */ = {isa = PBXBuildFile; fileRef = D7B5029F26B4C0B4007908DA /* Group.swift */; };
		D7B502A226B4C0EE007908DA /* Cell.swift in Sources */ = {isa = PBXBuildFile; fileRef = D7B502A126B4C0EE007908DA /* Cell.swift */; };
		D7B502A426B503DD007908DA /* Line.swift in Sources */ = {isa = PBXBuildFile; fileRef = D7B502A326B503DD007908DA /* Line.swift */; };
		D7B502A626B5043A007908DA /* Square.swift in Sources */ = {isa = PBXBuildFile; fileRef = D7B502A526B5043A007908DA /* Square.swift */; };
		D7B502AA26B51359007908DA /* PuzzleTests.swift in Sources */ = {isa = PBXBuildFile; fileRef = D7B502A926B51359007908DA /* PuzzleTests.swift */; };
		D7B502AE26B5151E007908DA /* String+Extensions.swift in Sources */ = {isa = PBXBuildFile; fileRef = D7B502AD26B5151E007908DA /* String+Extensions.swift */; };
		D7B502B026B5B945007908DA /* Array+Extensions.swift in Sources */ = {isa = PBXBuildFile; fileRef = D7B502AF26B5B945007908DA /* Array+Extensions.swift */; };
		D7F7227426B741AA009D92D9 /* ViewModel.swift in Sources */ = {isa = PBXBuildFile; fileRef = D7F7227326B741AA009D92D9 /* ViewModel.swift */; };
		D7F7227626B741D3009D92D9 /* ViewState.swift in Sources */ = {isa = PBXBuildFile; fileRef = D7F7227526B741D3009D92D9 /* ViewState.swift */; };
		D7F7227A26B74D08009D92D9 /* StatefulView.swift in Sources */ = {isa = PBXBuildFile; fileRef = D7F7227926B74D08009D92D9 /* StatefulView.swift */; };
		D7F7227C26B75815009D92D9 /* Registerable.swift in Sources */ = {isa = PBXBuildFile; fileRef = D7F7227B26B75815009D92D9 /* Registerable.swift */; };
		D7F7228226BEFD3D009D92D9 /* SolutionEngine.swift in Sources */ = {isa = PBXBuildFile; fileRef = D7F7228126BEFD3D009D92D9 /* SolutionEngine.swift */; };
		D7F7228426BEFE3C009D92D9 /* Move.swift in Sources */ = {isa = PBXBuildFile; fileRef = D7F7228326BEFE3C009D92D9 /* Move.swift */; };
		D7F7228926BF2472009D92D9 /* Array+ExtensionsTests.swift in Sources */ = {isa = PBXBuildFile; fileRef = D7F7228826BF2472009D92D9 /* Array+ExtensionsTests.swift */; };
/* End PBXBuildFile section */

/* Begin PBXContainerItemProxy section */
		D7B5025E26B258A7007908DA /* PBXContainerItemProxy */ = {
			isa = PBXContainerItemProxy;
			containerPortal = D7B5023F26B258A6007908DA /* Project object */;
			proxyType = 1;
			remoteGlobalIDString = D7B5024626B258A6007908DA;
			remoteInfo = SudokuHelper;
		};
		D7B5026926B258A7007908DA /* PBXContainerItemProxy */ = {
			isa = PBXContainerItemProxy;
			containerPortal = D7B5023F26B258A6007908DA /* Project object */;
			proxyType = 1;
			remoteGlobalIDString = D7B5024626B258A6007908DA;
			remoteInfo = SudokuHelper;
		};
/* End PBXContainerItemProxy section */

/* Begin PBXFileReference section */
		D730E7EA2770D19C00DFCC0E /* ViewController.swift */ = {isa = PBXFileReference; lastKnownFileType = sourcecode.swift; path = ViewController.swift; sourceTree = "<group>"; };
		D730E7F12770F91300DFCC0E /* PuzzleUIView.swift */ = {isa = PBXFileReference; lastKnownFileType = sourcecode.swift; path = PuzzleUIView.swift; sourceTree = "<group>"; };
		D730E7F32770F94C00DFCC0E /* CellUIView.swift */ = {isa = PBXFileReference; lastKnownFileType = sourcecode.swift; path = CellUIView.swift; sourceTree = "<group>"; };
		D730E7F52770FF8300DFCC0E /* SHView.swift */ = {isa = PBXFileReference; lastKnownFileType = sourcecode.swift; path = SHView.swift; sourceTree = "<group>"; };
		D730E7F927711D3C00DFCC0E /* Logger.swift */ = {isa = PBXFileReference; lastKnownFileType = sourcecode.swift; path = Logger.swift; sourceTree = "<group>"; };
		D730E7FC2772D0FC00DFCC0E /* CellViewState.swift */ = {isa = PBXFileReference; lastKnownFileType = sourcecode.swift; path = CellViewState.swift; sourceTree = "<group>"; };
		D730E7FF2772D13D00DFCC0E /* PuzzleViewState.swift */ = {isa = PBXFileReference; lastKnownFileType = sourcecode.swift; path = PuzzleViewState.swift; sourceTree = "<group>"; };
		D730E8022772E6D700DFCC0E /* InputControlView.swift */ = {isa = PBXFileReference; lastKnownFileType = sourcecode.swift; path = InputControlView.swift; sourceTree = "<group>"; };
		D730E8042772E70600DFCC0E /* InputControlViewState.swift */ = {isa = PBXFileReference; lastKnownFileType = sourcecode.swift; path = InputControlViewState.swift; sourceTree = "<group>"; };
		D730E8072773BC7000DFCC0E /* NSLayoutConstraint+Extensions.swift */ = {isa = PBXFileReference; lastKnownFileType = sourcecode.swift; path = "NSLayoutConstraint+Extensions.swift"; sourceTree = "<group>"; };
		D730E8092773BF5100DFCC0E /* InputControlBarView.swift */ = {isa = PBXFileReference; lastKnownFileType = sourcecode.swift; path = InputControlBarView.swift; sourceTree = "<group>"; };
		D730E80B2773BFBD00DFCC0E /* InputControlBarViewState.swift */ = {isa = PBXFileReference; lastKnownFileType = sourcecode.swift; path = InputControlBarViewState.swift; sourceTree = "<group>"; };
		D730E80D2773D94300DFCC0E /* PuzzleViewControllerState.swift */ = {isa = PBXFileReference; lastKnownFileType = sourcecode.swift; path = PuzzleViewControllerState.swift; sourceTree = "<group>"; };
		D78C657426EF252B000ADBE5 /* SolutionEngineTests.swift */ = {isa = PBXFileReference; lastKnownFileType = sourcecode.swift; path = SolutionEngineTests.swift; sourceTree = "<group>"; };
		D7A5F42F2776328F00D97B11 /* Sudoku.mlmodel */ = {isa = PBXFileReference; lastKnownFileType = file.mlmodel; path = Sudoku.mlmodel; sourceTree = "<group>"; };
		D7A5F4322776330B00D97B11 /* DetectorViewController.swift */ = {isa = PBXFileReference; lastKnownFileType = sourcecode.swift; path = DetectorViewController.swift; sourceTree = "<group>"; };
		D7A5F4342776332000D97B11 /* DetectorViewControllerModel.swift */ = {isa = PBXFileReference; lastKnownFileType = sourcecode.swift; path = DetectorViewControllerModel.swift; sourceTree = "<group>"; };
		D7A5F4362776332E00D97B11 /* DetectorViewControllerState.swift */ = {isa = PBXFileReference; lastKnownFileType = sourcecode.swift; path = DetectorViewControllerState.swift; sourceTree = "<group>"; };
		D7B5024726B258A6007908DA /* SudokuHelper.app */ = {isa = PBXFileReference; explicitFileType = wrapper.application; includeInIndex = 0; path = SudokuHelper.app; sourceTree = BUILT_PRODUCTS_DIR; };
		D7B5024A26B258A6007908DA /* AppDelegate.swift */ = {isa = PBXFileReference; lastKnownFileType = sourcecode.swift; path = AppDelegate.swift; sourceTree = "<group>"; };
		D7B5024C26B258A6007908DA /* SceneDelegate.swift */ = {isa = PBXFileReference; lastKnownFileType = sourcecode.swift; path = SceneDelegate.swift; sourceTree = "<group>"; };
		D7B5025326B258A7007908DA /* Assets.xcassets */ = {isa = PBXFileReference; lastKnownFileType = folder.assetcatalog; path = Assets.xcassets; sourceTree = "<group>"; };
		D7B5025626B258A7007908DA /* Base */ = {isa = PBXFileReference; lastKnownFileType = file.storyboard; name = Base; path = Base.lproj/LaunchScreen.storyboard; sourceTree = "<group>"; };
		D7B5025826B258A7007908DA /* Info.plist */ = {isa = PBXFileReference; lastKnownFileType = text.plist.xml; path = Info.plist; sourceTree = "<group>"; };
		D7B5025D26B258A7007908DA /* SudokuHelperTests.xctest */ = {isa = PBXFileReference; explicitFileType = wrapper.cfbundle; includeInIndex = 0; path = SudokuHelperTests.xctest; sourceTree = BUILT_PRODUCTS_DIR; };
		D7B5026126B258A7007908DA /* SudokuHelperTests.swift */ = {isa = PBXFileReference; lastKnownFileType = sourcecode.swift; path = SudokuHelperTests.swift; sourceTree = "<group>"; };
		D7B5026326B258A7007908DA /* Info.plist */ = {isa = PBXFileReference; lastKnownFileType = text.plist.xml; path = Info.plist; sourceTree = "<group>"; };
		D7B5026826B258A7007908DA /* SudokuHelperUITests.xctest */ = {isa = PBXFileReference; explicitFileType = wrapper.cfbundle; includeInIndex = 0; path = SudokuHelperUITests.xctest; sourceTree = BUILT_PRODUCTS_DIR; };
		D7B5026C26B258A7007908DA /* SudokuHelperUITests.swift */ = {isa = PBXFileReference; lastKnownFileType = sourcecode.swift; path = SudokuHelperUITests.swift; sourceTree = "<group>"; };
		D7B5026E26B258A7007908DA /* Info.plist */ = {isa = PBXFileReference; lastKnownFileType = text.plist.xml; path = Info.plist; sourceTree = "<group>"; };
		D7B5027F26B25CCB007908DA /* Main.storyboard */ = {isa = PBXFileReference; lastKnownFileType = file.storyboard; path = Main.storyboard; sourceTree = "<group>"; };
		D7B5028126B25DD9007908DA /* AppSession.swift */ = {isa = PBXFileReference; lastKnownFileType = sourcecode.swift; path = AppSession.swift; sourceTree = "<group>"; };
		D7B5028426B260BA007908DA /* PuzzleViewController.swift */ = {isa = PBXFileReference; lastKnownFileType = sourcecode.swift; path = PuzzleViewController.swift; sourceTree = "<group>"; };
		D7B5029126B4AF4B007908DA /* AppCoordinator.swift */ = {isa = PBXFileReference; lastKnownFileType = sourcecode.swift; path = AppCoordinator.swift; sourceTree = "<group>"; };
		D7B5029326B4AF5C007908DA /* _Coordinator.swift */ = {isa = PBXFileReference; lastKnownFileType = sourcecode.swift; path = _Coordinator.swift; sourceTree = "<group>"; };
		D7B5029526B4B3DD007908DA /* InitialSceneViewController.swift */ = {isa = PBXFileReference; lastKnownFileType = sourcecode.swift; path = InitialSceneViewController.swift; sourceTree = "<group>"; };
		D7B5029726B4B507007908DA /* Environment.swift */ = {isa = PBXFileReference; lastKnownFileType = sourcecode.swift; path = Environment.swift; sourceTree = "<group>"; };
		D7B5029926B4B595007908DA /* PuzzleViewControllerModel.swift */ = {isa = PBXFileReference; lastKnownFileType = sourcecode.swift; path = PuzzleViewControllerModel.swift; sourceTree = "<group>"; };
		D7B5029C26B4B768007908DA /* Puzzle.swift */ = {isa = PBXFileReference; lastKnownFileType = sourcecode.swift; path = Puzzle.swift; sourceTree = "<group>"; };
		D7B5029F26B4C0B4007908DA /* Group.swift */ = {isa = PBXFileReference; lastKnownFileType = sourcecode.swift; path = Group.swift; sourceTree = "<group>"; };
		D7B502A126B4C0EE007908DA /* Cell.swift */ = {isa = PBXFileReference; lastKnownFileType = sourcecode.swift; path = Cell.swift; sourceTree = "<group>"; };
		D7B502A326B503DD007908DA /* Line.swift */ = {isa = PBXFileReference; lastKnownFileType = sourcecode.swift; path = Line.swift; sourceTree = "<group>"; };
		D7B502A526B5043A007908DA /* Square.swift */ = {isa = PBXFileReference; lastKnownFileType = sourcecode.swift; path = Square.swift; sourceTree = "<group>"; };
		D7B502A926B51359007908DA /* PuzzleTests.swift */ = {isa = PBXFileReference; lastKnownFileType = sourcecode.swift; path = PuzzleTests.swift; sourceTree = "<group>"; };
		D7B502AD26B5151E007908DA /* String+Extensions.swift */ = {isa = PBXFileReference; lastKnownFileType = sourcecode.swift; path = "String+Extensions.swift"; sourceTree = "<group>"; };
		D7B502AF26B5B945007908DA /* Array+Extensions.swift */ = {isa = PBXFileReference; lastKnownFileType = sourcecode.swift; path = "Array+Extensions.swift"; sourceTree = "<group>"; };
		D7F7227326B741AA009D92D9 /* ViewModel.swift */ = {isa = PBXFileReference; lastKnownFileType = sourcecode.swift; path = ViewModel.swift; sourceTree = "<group>"; };
		D7F7227526B741D3009D92D9 /* ViewState.swift */ = {isa = PBXFileReference; lastKnownFileType = sourcecode.swift; path = ViewState.swift; sourceTree = "<group>"; };
		D7F7227926B74D08009D92D9 /* StatefulView.swift */ = {isa = PBXFileReference; lastKnownFileType = sourcecode.swift; path = StatefulView.swift; sourceTree = "<group>"; };
		D7F7227B26B75815009D92D9 /* Registerable.swift */ = {isa = PBXFileReference; lastKnownFileType = sourcecode.swift; path = Registerable.swift; sourceTree = "<group>"; };
		D7F7228126BEFD3D009D92D9 /* SolutionEngine.swift */ = {isa = PBXFileReference; lastKnownFileType = sourcecode.swift; path = SolutionEngine.swift; sourceTree = "<group>"; };
		D7F7228326BEFE3C009D92D9 /* Move.swift */ = {isa = PBXFileReference; lastKnownFileType = sourcecode.swift; path = Move.swift; sourceTree = "<group>"; };
		D7F7228826BF2472009D92D9 /* Array+ExtensionsTests.swift */ = {isa = PBXFileReference; lastKnownFileType = sourcecode.swift; path = "Array+ExtensionsTests.swift"; sourceTree = "<group>"; };
/* End PBXFileReference section */

/* Begin PBXFrameworksBuildPhase section */
		D7B5024426B258A6007908DA /* Frameworks */ = {
			isa = PBXFrameworksBuildPhase;
			buildActionMask = 2147483647;
			files = (
			);
			runOnlyForDeploymentPostprocessing = 0;
		};
		D7B5025A26B258A7007908DA /* Frameworks */ = {
			isa = PBXFrameworksBuildPhase;
			buildActionMask = 2147483647;
			files = (
			);
			runOnlyForDeploymentPostprocessing = 0;
		};
		D7B5026526B258A7007908DA /* Frameworks */ = {
			isa = PBXFrameworksBuildPhase;
			buildActionMask = 2147483647;
			files = (
			);
			runOnlyForDeploymentPostprocessing = 0;
		};
/* End PBXFrameworksBuildPhase section */

/* Begin PBXGroup section */
		D730E7E82770D17200DFCC0E /* Base */ = {
			isa = PBXGroup;
			children = (
				D730E7EA2770D19C00DFCC0E /* ViewController.swift */,
			);
			path = Base;
			sourceTree = "<group>";
		};
		D730E7E92770D18200DFCC0E /* InitialScene */ = {
			isa = PBXGroup;
			children = (
				D7B5029526B4B3DD007908DA /* InitialSceneViewController.swift */,
			);
			path = InitialScene;
			sourceTree = "<group>";
		};
		D730E7EC2770F8A800DFCC0E /* Views */ = {
			isa = PBXGroup;
			children = (
				D730E7F02770F8FD00DFCC0E /* UIKit */,
			);
			path = Views;
			sourceTree = "<group>";
		};
		D730E7F02770F8FD00DFCC0E /* UIKit */ = {
			isa = PBXGroup;
			children = (
				D730E7F52770FF8300DFCC0E /* SHView.swift */,
				D730E7FB2772D0E500DFCC0E /* Cell */,
				D730E8012772E67B00DFCC0E /* InputControl */,
				D730E7FE2772D12B00DFCC0E /* Puzzle */,
			);
			path = UIKit;
			sourceTree = "<group>";
		};
		D730E7F827711D1A00DFCC0E /* Logging */ = {
			isa = PBXGroup;
			children = (
				D730E7F927711D3C00DFCC0E /* Logger.swift */,
			);
			path = Logging;
			sourceTree = "<group>";
		};
		D730E7FB2772D0E500DFCC0E /* Cell */ = {
			isa = PBXGroup;
			children = (
				D730E7F32770F94C00DFCC0E /* CellUIView.swift */,
				D730E7FC2772D0FC00DFCC0E /* CellViewState.swift */,
			);
			path = Cell;
			sourceTree = "<group>";
		};
		D730E7FE2772D12B00DFCC0E /* Puzzle */ = {
			isa = PBXGroup;
			children = (
				D730E7F12770F91300DFCC0E /* PuzzleUIView.swift */,
				D730E7FF2772D13D00DFCC0E /* PuzzleViewState.swift */,
			);
			path = Puzzle;
			sourceTree = "<group>";
		};
		D730E8012772E67B00DFCC0E /* InputControl */ = {
			isa = PBXGroup;
			children = (
				D730E8022772E6D700DFCC0E /* InputControlView.swift */,
				D730E8042772E70600DFCC0E /* InputControlViewState.swift */,
				D730E8092773BF5100DFCC0E /* InputControlBarView.swift */,
				D730E80B2773BFBD00DFCC0E /* InputControlBarViewState.swift */,
			);
			path = InputControl;
			sourceTree = "<group>";
		};
		D730E8062773BC6100DFCC0E /* UIKit */ = {
			isa = PBXGroup;
			children = (
				D730E8072773BC7000DFCC0E /* NSLayoutConstraint+Extensions.swift */,
			);
			path = UIKit;
			sourceTree = "<group>";
		};
		D78C657326EF2518000ADBE5 /* Solution */ = {
			isa = PBXGroup;
			children = (
				D78C657426EF252B000ADBE5 /* SolutionEngineTests.swift */,
			);
			path = Solution;
			sourceTree = "<group>";
		};
		D7A5F42E2776328200D97B11 /* CoreML */ = {
			isa = PBXGroup;
			children = (
				D7A5F42F2776328F00D97B11 /* Sudoku.mlmodel */,
			);
			path = CoreML;
			sourceTree = "<group>";
		};
		D7A5F431277632F500D97B11 /* Detector */ = {
			isa = PBXGroup;
			children = (
				D7A5F4322776330B00D97B11 /* DetectorViewController.swift */,
				D7A5F4342776332000D97B11 /* DetectorViewControllerModel.swift */,
				D7A5F4362776332E00D97B11 /* DetectorViewControllerState.swift */,
			);
			path = Detector;
			sourceTree = "<group>";
		};
		D7B5023E26B258A6007908DA = {
			isa = PBXGroup;
			children = (
				D7B5024926B258A6007908DA /* SudokuHelper */,
				D7B5026026B258A7007908DA /* SudokuHelperTests */,
				D7B5026B26B258A7007908DA /* SudokuHelperUITests */,
				D7B5024826B258A6007908DA /* Products */,
			);
			sourceTree = "<group>";
		};
		D7B5024826B258A6007908DA /* Products */ = {
			isa = PBXGroup;
			children = (
				D7B5024726B258A6007908DA /* SudokuHelper.app */,
				D7B5025D26B258A7007908DA /* SudokuHelperTests.xctest */,
				D7B5026826B258A7007908DA /* SudokuHelperUITests.xctest */,
			);
			name = Products;
			sourceTree = "<group>";
		};
		D7B5024926B258A6007908DA /* SudokuHelper */ = {
			isa = PBXGroup;
			children = (
				D7B5027A26B2595A007908DA /* Source */,
				D7B5027C26B2597A007908DA /* InterfaceBuilder */,
				D7B5027B26B25962007908DA /* Resources */,
				D7B5027D26B2599D007908DA /* SupportingFiles */,
			);
			path = SudokuHelper;
			sourceTree = "<group>";
		};
		D7B5026026B258A7007908DA /* SudokuHelperTests */ = {
			isa = PBXGroup;
			children = (
				D7B502A726B51333007908DA /* Source */,
				D7B5026126B258A7007908DA /* SudokuHelperTests.swift */,
				D7B5026326B258A7007908DA /* Info.plist */,
			);
			path = SudokuHelperTests;
			sourceTree = "<group>";
		};
		D7B5026B26B258A7007908DA /* SudokuHelperUITests */ = {
			isa = PBXGroup;
			children = (
				D7B5026C26B258A7007908DA /* SudokuHelperUITests.swift */,
				D7B5026E26B258A7007908DA /* Info.plist */,
			);
			path = SudokuHelperUITests;
			sourceTree = "<group>";
		};
		D7B5027A26B2595A007908DA /* Source */ = {
			isa = PBXGroup;
			children = (
				D7B5024A26B258A6007908DA /* AppDelegate.swift */,
				D7B5028126B25DD9007908DA /* AppSession.swift */,
				D7B5029726B4B507007908DA /* Environment.swift */,
				D7B5024C26B258A6007908DA /* SceneDelegate.swift */,
				D7B5029026B4AF33007908DA /* Coordinator */,
				D7B502AB26B51506007908DA /* Extensions */,
				D730E7F827711D1A00DFCC0E /* Logging */,
				D7B5029B26B4B757007908DA /* Models */,
				D7B5027E26B259B8007908DA /* Scenes */,
				D7F7228026BEFD15009D92D9 /* Solution */,
				D730E7EC2770F8A800DFCC0E /* Views */,
			);
			path = Source;
			sourceTree = "<group>";
		};
		D7B5027B26B25962007908DA /* Resources */ = {
			isa = PBXGroup;
			children = (
				D7A5F42E2776328200D97B11 /* CoreML */,
				D7B5025326B258A7007908DA /* Assets.xcassets */,
			);
			path = Resources;
			sourceTree = "<group>";
		};
		D7B5027C26B2597A007908DA /* InterfaceBuilder */ = {
			isa = PBXGroup;
			children = (
				D7B5025526B258A7007908DA /* LaunchScreen.storyboard */,
				D7B5027F26B25CCB007908DA /* Main.storyboard */,
			);
			path = InterfaceBuilder;
			sourceTree = "<group>";
		};
		D7B5027D26B2599D007908DA /* SupportingFiles */ = {
			isa = PBXGroup;
			children = (
				D7B5025826B258A7007908DA /* Info.plist */,
			);
			path = SupportingFiles;
			sourceTree = "<group>";
		};
		D7B5027E26B259B8007908DA /* Scenes */ = {
			isa = PBXGroup;
			children = (
				D7F7227226B74195009D92D9 /* _Protocols */,
				D730E7E82770D17200DFCC0E /* Base */,
				D7A5F431277632F500D97B11 /* Detector */,
				D730E7E92770D18200DFCC0E /* InitialScene */,
				D7B5028326B2606D007908DA /* Puzzle */,
			);
			path = Scenes;
			sourceTree = "<group>";
		};
		D7B5028326B2606D007908DA /* Puzzle */ = {
			isa = PBXGroup;
			children = (
				D7B5028426B260BA007908DA /* PuzzleViewController.swift */,
				D7B5029926B4B595007908DA /* PuzzleViewControllerModel.swift */,
				D730E80D2773D94300DFCC0E /* PuzzleViewControllerState.swift */,
			);
			path = Puzzle;
			sourceTree = "<group>";
		};
		D7B5029026B4AF33007908DA /* Coordinator */ = {
			isa = PBXGroup;
			children = (
				D7B5029326B4AF5C007908DA /* _Coordinator.swift */,
				D7B5029126B4AF4B007908DA /* AppCoordinator.swift */,
			);
			path = Coordinator;
			sourceTree = "<group>";
		};
		D7B5029B26B4B757007908DA /* Models */ = {
			isa = PBXGroup;
			children = (
				D7B502A126B4C0EE007908DA /* Cell.swift */,
				D7B5029F26B4C0B4007908DA /* Group.swift */,
				D7B502A326B503DD007908DA /* Line.swift */,
				D7B5029C26B4B768007908DA /* Puzzle.swift */,
				D7B502A526B5043A007908DA /* Square.swift */,
			);
			path = Models;
			sourceTree = "<group>";
		};
		D7B502A726B51333007908DA /* Source */ = {
			isa = PBXGroup;
			children = (
				D78C657326EF2518000ADBE5 /* Solution */,
				D7F7228726BF2460009D92D9 /* Extensions */,
				D7B502A826B5133D007908DA /* Models */,
			);
			path = Source;
			sourceTree = "<group>";
		};
		D7B502A826B5133D007908DA /* Models */ = {
			isa = PBXGroup;
			children = (
				D7B502A926B51359007908DA /* PuzzleTests.swift */,
			);
			path = Models;
			sourceTree = "<group>";
		};
		D7B502AB26B51506007908DA /* Extensions */ = {
			isa = PBXGroup;
			children = (
				D730E8062773BC6100DFCC0E /* UIKit */,
				D7B502AC26B5150E007908DA /* Foundation */,
			);
			path = Extensions;
			sourceTree = "<group>";
		};
		D7B502AC26B5150E007908DA /* Foundation */ = {
			isa = PBXGroup;
			children = (
				D7B502AF26B5B945007908DA /* Array+Extensions.swift */,
				D7B502AD26B5151E007908DA /* String+Extensions.swift */,
			);
			path = Foundation;
			sourceTree = "<group>";
		};
		D7F7227226B74195009D92D9 /* _Protocols */ = {
			isa = PBXGroup;
			children = (
				D7F7227326B741AA009D92D9 /* ViewModel.swift */,
				D7F7227526B741D3009D92D9 /* ViewState.swift */,
				D7F7227926B74D08009D92D9 /* StatefulView.swift */,
				D7F7227B26B75815009D92D9 /* Registerable.swift */,
			);
			path = _Protocols;
			sourceTree = "<group>";
		};
		D7F7228026BEFD15009D92D9 /* Solution */ = {
			isa = PBXGroup;
			children = (
				D7F7228126BEFD3D009D92D9 /* SolutionEngine.swift */,
				D7F7228326BEFE3C009D92D9 /* Move.swift */,
			);
			path = Solution;
			sourceTree = "<group>";
		};
		D7F7228726BF2460009D92D9 /* Extensions */ = {
			isa = PBXGroup;
			children = (
				D7F7228826BF2472009D92D9 /* Array+ExtensionsTests.swift */,
			);
			path = Extensions;
			sourceTree = "<group>";
		};
/* End PBXGroup section */

/* Begin PBXNativeTarget section */
		D7B5024626B258A6007908DA /* SudokuHelper */ = {
			isa = PBXNativeTarget;
			buildConfigurationList = D7B5027126B258A7007908DA /* Build configuration list for PBXNativeTarget "SudokuHelper" */;
			buildPhases = (
				D7B5024326B258A6007908DA /* Sources */,
				D7B5024426B258A6007908DA /* Frameworks */,
				D7B5024526B258A6007908DA /* Resources */,
			);
			buildRules = (
			);
			dependencies = (
			);
			name = SudokuHelper;
			productName = SudokuHelper;
			productReference = D7B5024726B258A6007908DA /* SudokuHelper.app */;
			productType = "com.apple.product-type.application";
		};
		D7B5025C26B258A7007908DA /* SudokuHelperTests */ = {
			isa = PBXNativeTarget;
			buildConfigurationList = D7B5027426B258A7007908DA /* Build configuration list for PBXNativeTarget "SudokuHelperTests" */;
			buildPhases = (
				D7B5025926B258A7007908DA /* Sources */,
				D7B5025A26B258A7007908DA /* Frameworks */,
				D7B5025B26B258A7007908DA /* Resources */,
			);
			buildRules = (
			);
			dependencies = (
				D7B5025F26B258A7007908DA /* PBXTargetDependency */,
			);
			name = SudokuHelperTests;
			productName = SudokuHelperTests;
			productReference = D7B5025D26B258A7007908DA /* SudokuHelperTests.xctest */;
			productType = "com.apple.product-type.bundle.unit-test";
		};
		D7B5026726B258A7007908DA /* SudokuHelperUITests */ = {
			isa = PBXNativeTarget;
			buildConfigurationList = D7B5027726B258A7007908DA /* Build configuration list for PBXNativeTarget "SudokuHelperUITests" */;
			buildPhases = (
				D7B5026426B258A7007908DA /* Sources */,
				D7B5026526B258A7007908DA /* Frameworks */,
				D7B5026626B258A7007908DA /* Resources */,
			);
			buildRules = (
			);
			dependencies = (
				D7B5026A26B258A7007908DA /* PBXTargetDependency */,
			);
			name = SudokuHelperUITests;
			productName = SudokuHelperUITests;
			productReference = D7B5026826B258A7007908DA /* SudokuHelperUITests.xctest */;
			productType = "com.apple.product-type.bundle.ui-testing";
		};
/* End PBXNativeTarget section */

/* Begin PBXProject section */
		D7B5023F26B258A6007908DA /* Project object */ = {
			isa = PBXProject;
			attributes = {
				LastSwiftUpdateCheck = 1250;
				LastUpgradeCheck = 1250;
				TargetAttributes = {
					D7B5024626B258A6007908DA = {
						CreatedOnToolsVersion = 12.5.1;
					};
					D7B5025C26B258A7007908DA = {
						CreatedOnToolsVersion = 12.5.1;
						TestTargetID = D7B5024626B258A6007908DA;
					};
					D7B5026726B258A7007908DA = {
						CreatedOnToolsVersion = 12.5.1;
						TestTargetID = D7B5024626B258A6007908DA;
					};
				};
			};
			buildConfigurationList = D7B5024226B258A6007908DA /* Build configuration list for PBXProject "SudokuHelper" */;
			compatibilityVersion = "Xcode 9.3";
			developmentRegion = en;
			hasScannedForEncodings = 0;
			knownRegions = (
				en,
				Base,
			);
			mainGroup = D7B5023E26B258A6007908DA;
			productRefGroup = D7B5024826B258A6007908DA /* Products */;
			projectDirPath = "";
			projectRoot = "";
			targets = (
				D7B5024626B258A6007908DA /* SudokuHelper */,
				D7B5025C26B258A7007908DA /* SudokuHelperTests */,
				D7B5026726B258A7007908DA /* SudokuHelperUITests */,
			);
		};
/* End PBXProject section */

/* Begin PBXResourcesBuildPhase section */
		D7B5024526B258A6007908DA /* Resources */ = {
			isa = PBXResourcesBuildPhase;
			buildActionMask = 2147483647;
			files = (
				D7B5028026B25CCB007908DA /* Main.storyboard in Resources */,
				D7B5025726B258A7007908DA /* LaunchScreen.storyboard in Resources */,
				D7B5025426B258A7007908DA /* Assets.xcassets in Resources */,
			);
			runOnlyForDeploymentPostprocessing = 0;
		};
		D7B5025B26B258A7007908DA /* Resources */ = {
			isa = PBXResourcesBuildPhase;
			buildActionMask = 2147483647;
			files = (
			);
			runOnlyForDeploymentPostprocessing = 0;
		};
		D7B5026626B258A7007908DA /* Resources */ = {
			isa = PBXResourcesBuildPhase;
			buildActionMask = 2147483647;
			files = (
			);
			runOnlyForDeploymentPostprocessing = 0;
		};
/* End PBXResourcesBuildPhase section */

/* Begin PBXSourcesBuildPhase section */
		D7B5024326B258A6007908DA /* Sources */ = {
			isa = PBXSourcesBuildPhase;
			buildActionMask = 2147483647;
			files = (
				D7A5F4392776765900D97B11 /* Sudoku.mlmodel in Sources */,
				D7B502A026B4C0B4007908DA /* Group.swift in Sources */,
				D7B5028226B25DD9007908DA /* AppSession.swift in Sources */,
				D730E80E2773D94300DFCC0E /* PuzzleViewControllerState.swift in Sources */,
				D7B5029826B4B507007908DA /* Environment.swift in Sources */,
				D730E8032772E6D700DFCC0E /* InputControlView.swift in Sources */,
				D7B5029626B4B3DD007908DA /* InitialSceneViewController.swift in Sources */,
				D730E8082773BC7000DFCC0E /* NSLayoutConstraint+Extensions.swift in Sources */,
				D7B5024B26B258A6007908DA /* AppDelegate.swift in Sources */,
				D730E7F22770F91300DFCC0E /* PuzzleUIView.swift in Sources */,
				D730E7FD2772D0FC00DFCC0E /* CellViewState.swift in Sources */,
				D7B502A226B4C0EE007908DA /* Cell.swift in Sources */,
				D730E7EB2770D19C00DFCC0E /* ViewController.swift in Sources */,
				D730E80C2773BFBD00DFCC0E /* InputControlBarViewState.swift in Sources */,
				D730E7F62770FF8300DFCC0E /* SHView.swift in Sources */,
				D7F7228226BEFD3D009D92D9 /* SolutionEngine.swift in Sources */,
				D7B5029426B4AF5C007908DA /* _Coordinator.swift in Sources */,
				D730E7FA27711D3C00DFCC0E /* Logger.swift in Sources */,
				D730E7F42770F94C00DFCC0E /* CellUIView.swift in Sources */,
				D7B502A426B503DD007908DA /* Line.swift in Sources */,
				D730E8002772D13D00DFCC0E /* PuzzleViewState.swift in Sources */,
				D7A5F4372776332E00D97B11 /* DetectorViewControllerState.swift in Sources */,
				D7A5F4332776330B00D97B11 /* DetectorViewController.swift in Sources */,
				D730E8052772E70600DFCC0E /* InputControlViewState.swift in Sources */,
				D7A5F4352776332000D97B11 /* DetectorViewControllerModel.swift in Sources */,
				D730E80A2773BF5100DFCC0E /* InputControlBarView.swift in Sources */,
				D7B5029D26B4B768007908DA /* Puzzle.swift in Sources */,
				D7B5029226B4AF4B007908DA /* AppCoordinator.swift in Sources */,
				D7F7227426B741AA009D92D9 /* ViewModel.swift in Sources */,
				D7B502AE26B5151E007908DA /* String+Extensions.swift in Sources */,
				D7F7227A26B74D08009D92D9 /* StatefulView.swift in Sources */,
				D7B502B026B5B945007908DA /* Array+Extensions.swift in Sources */,
				D7F7227C26B75815009D92D9 /* Registerable.swift in Sources */,
				D7B502A626B5043A007908DA /* Square.swift in Sources */,
				D7F7227626B741D3009D92D9 /* ViewState.swift in Sources */,
				D7B5028526B260BA007908DA /* PuzzleViewController.swift in Sources */,
				D7B5024D26B258A6007908DA /* SceneDelegate.swift in Sources */,
				D7B5029A26B4B595007908DA /* PuzzleViewControllerModel.swift in Sources */,
				D7F7228426BEFE3C009D92D9 /* Move.swift in Sources */,
			);
			runOnlyForDeploymentPostprocessing = 0;
		};
		D7B5025926B258A7007908DA /* Sources */ = {
			isa = PBXSourcesBuildPhase;
			buildActionMask = 2147483647;
			files = (
				D7F7228926BF2472009D92D9 /* Array+ExtensionsTests.swift in Sources */,
				D7B5026226B258A7007908DA /* SudokuHelperTests.swift in Sources */,
				D78C657526EF252B000ADBE5 /* SolutionEngineTests.swift in Sources */,
				D7B502AA26B51359007908DA /* PuzzleTests.swift in Sources */,
			);
			runOnlyForDeploymentPostprocessing = 0;
		};
		D7B5026426B258A7007908DA /* Sources */ = {
			isa = PBXSourcesBuildPhase;
			buildActionMask = 2147483647;
			files = (
				D7B5026D26B258A7007908DA /* SudokuHelperUITests.swift in Sources */,
			);
			runOnlyForDeploymentPostprocessing = 0;
		};
/* End PBXSourcesBuildPhase section */

/* Begin PBXTargetDependency section */
		D7B5025F26B258A7007908DA /* PBXTargetDependency */ = {
			isa = PBXTargetDependency;
			target = D7B5024626B258A6007908DA /* SudokuHelper */;
			targetProxy = D7B5025E26B258A7007908DA /* PBXContainerItemProxy */;
		};
		D7B5026A26B258A7007908DA /* PBXTargetDependency */ = {
			isa = PBXTargetDependency;
			target = D7B5024626B258A6007908DA /* SudokuHelper */;
			targetProxy = D7B5026926B258A7007908DA /* PBXContainerItemProxy */;
		};
/* End PBXTargetDependency section */

/* Begin PBXVariantGroup section */
		D7B5025526B258A7007908DA /* LaunchScreen.storyboard */ = {
			isa = PBXVariantGroup;
			children = (
				D7B5025626B258A7007908DA /* Base */,
			);
			name = LaunchScreen.storyboard;
			sourceTree = "<group>";
		};
/* End PBXVariantGroup section */

/* Begin XCBuildConfiguration section */
		D7B5026F26B258A7007908DA /* Debug */ = {
			isa = XCBuildConfiguration;
			buildSettings = {
				ALWAYS_SEARCH_USER_PATHS = NO;
				CLANG_ANALYZER_NONNULL = YES;
				CLANG_ANALYZER_NUMBER_OBJECT_CONVERSION = YES_AGGRESSIVE;
				CLANG_CXX_LANGUAGE_STANDARD = "gnu++14";
				CLANG_CXX_LIBRARY = "libc++";
				CLANG_ENABLE_MODULES = YES;
				CLANG_ENABLE_OBJC_ARC = YES;
				CLANG_ENABLE_OBJC_WEAK = YES;
				CLANG_WARN_BLOCK_CAPTURE_AUTORELEASING = YES;
				CLANG_WARN_BOOL_CONVERSION = YES;
				CLANG_WARN_COMMA = YES;
				CLANG_WARN_CONSTANT_CONVERSION = YES;
				CLANG_WARN_DEPRECATED_OBJC_IMPLEMENTATIONS = YES;
				CLANG_WARN_DIRECT_OBJC_ISA_USAGE = YES_ERROR;
				CLANG_WARN_DOCUMENTATION_COMMENTS = YES;
				CLANG_WARN_EMPTY_BODY = YES;
				CLANG_WARN_ENUM_CONVERSION = YES;
				CLANG_WARN_INFINITE_RECURSION = YES;
				CLANG_WARN_INT_CONVERSION = YES;
				CLANG_WARN_NON_LITERAL_NULL_CONVERSION = YES;
				CLANG_WARN_OBJC_IMPLICIT_RETAIN_SELF = YES;
				CLANG_WARN_OBJC_LITERAL_CONVERSION = YES;
				CLANG_WARN_OBJC_ROOT_CLASS = YES_ERROR;
				CLANG_WARN_QUOTED_INCLUDE_IN_FRAMEWORK_HEADER = YES;
				CLANG_WARN_RANGE_LOOP_ANALYSIS = YES;
				CLANG_WARN_STRICT_PROTOTYPES = YES;
				CLANG_WARN_SUSPICIOUS_MOVE = YES;
				CLANG_WARN_UNGUARDED_AVAILABILITY = YES_AGGRESSIVE;
				CLANG_WARN_UNREACHABLE_CODE = YES;
				CLANG_WARN__DUPLICATE_METHOD_MATCH = YES;
				COPY_PHASE_STRIP = NO;
				DEBUG_INFORMATION_FORMAT = dwarf;
				ENABLE_STRICT_OBJC_MSGSEND = YES;
				ENABLE_TESTABILITY = YES;
				GCC_C_LANGUAGE_STANDARD = gnu11;
				GCC_DYNAMIC_NO_PIC = NO;
				GCC_NO_COMMON_BLOCKS = YES;
				GCC_OPTIMIZATION_LEVEL = 0;
				GCC_PREPROCESSOR_DEFINITIONS = (
					"DEBUG=1",
					"$(inherited)",
				);
				GCC_WARN_64_TO_32_BIT_CONVERSION = YES;
				GCC_WARN_ABOUT_RETURN_TYPE = YES_ERROR;
				GCC_WARN_UNDECLARED_SELECTOR = YES;
				GCC_WARN_UNINITIALIZED_AUTOS = YES_AGGRESSIVE;
				GCC_WARN_UNUSED_FUNCTION = YES;
				GCC_WARN_UNUSED_VARIABLE = YES;
				IPHONEOS_DEPLOYMENT_TARGET = 14.5;
				MTL_ENABLE_DEBUG_INFO = INCLUDE_SOURCE;
				MTL_FAST_MATH = YES;
				ONLY_ACTIVE_ARCH = YES;
				SDKROOT = iphoneos;
				SWIFT_ACTIVE_COMPILATION_CONDITIONS = DEBUG;
				SWIFT_OPTIMIZATION_LEVEL = "-Onone";
			};
			name = Debug;
		};
		D7B5027026B258A7007908DA /* Release */ = {
			isa = XCBuildConfiguration;
			buildSettings = {
				ALWAYS_SEARCH_USER_PATHS = NO;
				CLANG_ANALYZER_NONNULL = YES;
				CLANG_ANALYZER_NUMBER_OBJECT_CONVERSION = YES_AGGRESSIVE;
				CLANG_CXX_LANGUAGE_STANDARD = "gnu++14";
				CLANG_CXX_LIBRARY = "libc++";
				CLANG_ENABLE_MODULES = YES;
				CLANG_ENABLE_OBJC_ARC = YES;
				CLANG_ENABLE_OBJC_WEAK = YES;
				CLANG_WARN_BLOCK_CAPTURE_AUTORELEASING = YES;
				CLANG_WARN_BOOL_CONVERSION = YES;
				CLANG_WARN_COMMA = YES;
				CLANG_WARN_CONSTANT_CONVERSION = YES;
				CLANG_WARN_DEPRECATED_OBJC_IMPLEMENTATIONS = YES;
				CLANG_WARN_DIRECT_OBJC_ISA_USAGE = YES_ERROR;
				CLANG_WARN_DOCUMENTATION_COMMENTS = YES;
				CLANG_WARN_EMPTY_BODY = YES;
				CLANG_WARN_ENUM_CONVERSION = YES;
				CLANG_WARN_INFINITE_RECURSION = YES;
				CLANG_WARN_INT_CONVERSION = YES;
				CLANG_WARN_NON_LITERAL_NULL_CONVERSION = YES;
				CLANG_WARN_OBJC_IMPLICIT_RETAIN_SELF = YES;
				CLANG_WARN_OBJC_LITERAL_CONVERSION = YES;
				CLANG_WARN_OBJC_ROOT_CLASS = YES_ERROR;
				CLANG_WARN_QUOTED_INCLUDE_IN_FRAMEWORK_HEADER = YES;
				CLANG_WARN_RANGE_LOOP_ANALYSIS = YES;
				CLANG_WARN_STRICT_PROTOTYPES = YES;
				CLANG_WARN_SUSPICIOUS_MOVE = YES;
				CLANG_WARN_UNGUARDED_AVAILABILITY = YES_AGGRESSIVE;
				CLANG_WARN_UNREACHABLE_CODE = YES;
				CLANG_WARN__DUPLICATE_METHOD_MATCH = YES;
				COPY_PHASE_STRIP = NO;
				DEBUG_INFORMATION_FORMAT = "dwarf-with-dsym";
				ENABLE_NS_ASSERTIONS = NO;
				ENABLE_STRICT_OBJC_MSGSEND = YES;
				GCC_C_LANGUAGE_STANDARD = gnu11;
				GCC_NO_COMMON_BLOCKS = YES;
				GCC_WARN_64_TO_32_BIT_CONVERSION = YES;
				GCC_WARN_ABOUT_RETURN_TYPE = YES_ERROR;
				GCC_WARN_UNDECLARED_SELECTOR = YES;
				GCC_WARN_UNINITIALIZED_AUTOS = YES_AGGRESSIVE;
				GCC_WARN_UNUSED_FUNCTION = YES;
				GCC_WARN_UNUSED_VARIABLE = YES;
				IPHONEOS_DEPLOYMENT_TARGET = 14.5;
				MTL_ENABLE_DEBUG_INFO = NO;
				MTL_FAST_MATH = YES;
				SDKROOT = iphoneos;
				SWIFT_COMPILATION_MODE = wholemodule;
				SWIFT_OPTIMIZATION_LEVEL = "-O";
				VALIDATE_PRODUCT = YES;
			};
			name = Release;
		};
		D7B5027226B258A7007908DA /* Debug */ = {
			isa = XCBuildConfiguration;
			buildSettings = {
				ASSETCATALOG_COMPILER_APPICON_NAME = AppIcon;
				ASSETCATALOG_COMPILER_GLOBAL_ACCENT_COLOR_NAME = AccentColor;
				CODE_SIGN_STYLE = Automatic;
				DEVELOPMENT_TEAM = 384WS8QBWW;
				INFOPLIST_FILE = SudokuHelper/SupportingFiles/Info.plist;
				IPHONEOS_DEPLOYMENT_TARGET = 14.1;
				LD_RUNPATH_SEARCH_PATHS = (
					"$(inherited)",
					"@executable_path/Frameworks",
				);
				PRODUCT_BUNDLE_IDENTIFIER = com.peteschuette.SudokuHelper;
				PRODUCT_NAME = "$(TARGET_NAME)";
				SWIFT_VERSION = 5.0;
				TARGETED_DEVICE_FAMILY = "1,2";
			};
			name = Debug;
		};
		D7B5027326B258A7007908DA /* Release */ = {
			isa = XCBuildConfiguration;
			buildSettings = {
				ASSETCATALOG_COMPILER_APPICON_NAME = AppIcon;
				ASSETCATALOG_COMPILER_GLOBAL_ACCENT_COLOR_NAME = AccentColor;
				CODE_SIGN_STYLE = Automatic;
				DEVELOPMENT_TEAM = 384WS8QBWW;
				INFOPLIST_FILE = SudokuHelper/SupportingFiles/Info.plist;
				IPHONEOS_DEPLOYMENT_TARGET = 14.1;
				LD_RUNPATH_SEARCH_PATHS = (
					"$(inherited)",
					"@executable_path/Frameworks",
				);
				PRODUCT_BUNDLE_IDENTIFIER = com.peteschuette.SudokuHelper;
				PRODUCT_NAME = "$(TARGET_NAME)";
				SWIFT_VERSION = 5.0;
				TARGETED_DEVICE_FAMILY = "1,2";
			};
			name = Release;
		};
		D7B5027526B258A7007908DA /* Debug */ = {
			isa = XCBuildConfiguration;
			buildSettings = {
				ALWAYS_EMBED_SWIFT_STANDARD_LIBRARIES = YES;
				BUNDLE_LOADER = "$(TEST_HOST)";
				CODE_SIGN_STYLE = Automatic;
				DEVELOPMENT_TEAM = WLBMJNA5RN;
				INFOPLIST_FILE = SudokuHelperTests/Info.plist;
				IPHONEOS_DEPLOYMENT_TARGET = 14.1;
				LD_RUNPATH_SEARCH_PATHS = (
					"$(inherited)",
					"@executable_path/Frameworks",
					"@loader_path/Frameworks",
				);
				PRODUCT_BUNDLE_IDENTIFIER = com.peteschuette.SudokuHelperTests;
				PRODUCT_NAME = "$(TARGET_NAME)";
				SWIFT_VERSION = 5.0;
				TARGETED_DEVICE_FAMILY = "1,2";
				TEST_HOST = "$(BUILT_PRODUCTS_DIR)/SudokuHelper.app/SudokuHelper";
			};
			name = Debug;
		};
		D7B5027626B258A7007908DA /* Release */ = {
			isa = XCBuildConfiguration;
			buildSettings = {
				ALWAYS_EMBED_SWIFT_STANDARD_LIBRARIES = YES;
				BUNDLE_LOADER = "$(TEST_HOST)";
				CODE_SIGN_STYLE = Automatic;
				DEVELOPMENT_TEAM = WLBMJNA5RN;
				INFOPLIST_FILE = SudokuHelperTests/Info.plist;
				IPHONEOS_DEPLOYMENT_TARGET = 14.1;
				LD_RUNPATH_SEARCH_PATHS = (
					"$(inherited)",
					"@executable_path/Frameworks",
					"@loader_path/Frameworks",
				);
				PRODUCT_BUNDLE_IDENTIFIER = com.peteschuette.SudokuHelperTests;
				PRODUCT_NAME = "$(TARGET_NAME)";
				SWIFT_VERSION = 5.0;
				TARGETED_DEVICE_FAMILY = "1,2";
				TEST_HOST = "$(BUILT_PRODUCTS_DIR)/SudokuHelper.app/SudokuHelper";
			};
			name = Release;
		};
		D7B5027826B258A7007908DA /* Debug */ = {
			isa = XCBuildConfiguration;
			buildSettings = {
				ALWAYS_EMBED_SWIFT_STANDARD_LIBRARIES = YES;
				CODE_SIGN_STYLE = Automatic;
				DEVELOPMENT_TEAM = WLBMJNA5RN;
				INFOPLIST_FILE = SudokuHelperUITests/Info.plist;
				LD_RUNPATH_SEARCH_PATHS = (
					"$(inherited)",
					"@executable_path/Frameworks",
					"@loader_path/Frameworks",
				);
				PRODUCT_BUNDLE_IDENTIFIER = com.peteschuette.SudokuHelperUITests;
				PRODUCT_NAME = "$(TARGET_NAME)";
				SWIFT_VERSION = 5.0;
				TARGETED_DEVICE_FAMILY = "1,2";
				TEST_TARGET_NAME = SudokuHelper;
			};
			name = Debug;
		};
		D7B5027926B258A7007908DA /* Release */ = {
			isa = XCBuildConfiguration;
			buildSettings = {
				ALWAYS_EMBED_SWIFT_STANDARD_LIBRARIES = YES;
				CODE_SIGN_STYLE = Automatic;
				DEVELOPMENT_TEAM = WLBMJNA5RN;
				INFOPLIST_FILE = SudokuHelperUITests/Info.plist;
				LD_RUNPATH_SEARCH_PATHS = (
					"$(inherited)",
					"@executable_path/Frameworks",
					"@loader_path/Frameworks",
				);
				PRODUCT_BUNDLE_IDENTIFIER = com.peteschuette.SudokuHelperUITests;
				PRODUCT_NAME = "$(TARGET_NAME)";
				SWIFT_VERSION = 5.0;
				TARGETED_DEVICE_FAMILY = "1,2";
				TEST_TARGET_NAME = SudokuHelper;
			};
			name = Release;
		};
/* End XCBuildConfiguration section */

/* Begin XCConfigurationList section */
		D7B5024226B258A6007908DA /* Build configuration list for PBXProject "SudokuHelper" */ = {
			isa = XCConfigurationList;
			buildConfigurations = (
				D7B5026F26B258A7007908DA /* Debug */,
				D7B5027026B258A7007908DA /* Release */,
			);
			defaultConfigurationIsVisible = 0;
			defaultConfigurationName = Release;
		};
		D7B5027126B258A7007908DA /* Build configuration list for PBXNativeTarget "SudokuHelper" */ = {
			isa = XCConfigurationList;
			buildConfigurations = (
				D7B5027226B258A7007908DA /* Debug */,
				D7B5027326B258A7007908DA /* Release */,
			);
			defaultConfigurationIsVisible = 0;
			defaultConfigurationName = Release;
		};
		D7B5027426B258A7007908DA /* Build configuration list for PBXNativeTarget "SudokuHelperTests" */ = {
			isa = XCConfigurationList;
			buildConfigurations = (
				D7B5027526B258A7007908DA /* Debug */,
				D7B5027626B258A7007908DA /* Release */,
			);
			defaultConfigurationIsVisible = 0;
			defaultConfigurationName = Release;
		};
		D7B5027726B258A7007908DA /* Build configuration list for PBXNativeTarget "SudokuHelperUITests" */ = {
			isa = XCConfigurationList;
			buildConfigurations = (
				D7B5027826B258A7007908DA /* Debug */,
				D7B5027926B258A7007908DA /* Release */,
			);
			defaultConfigurationIsVisible = 0;
			defaultConfigurationName = Release;
		};
/* End XCConfigurationList section */
	};
	rootObject = D7B5023F26B258A6007908DA /* Project object */;
}
